// !$*UTF8*$!
{
	archiveVersion = 1;
	classes = {
	};
	objectVersion = 55;
	objects = {

/* Begin PBXBuildFile section */
		EF0EBED12981AEEB00018F28 /* LocalState.swift in Sources */ = {isa = PBXBuildFile; fileRef = EF0EBED02981AEEB00018F28 /* LocalState.swift */; };
		EF124D51297202F800110CD9 /* AppDelegate.swift in Sources */ = {isa = PBXBuildFile; fileRef = EF124D50297202F800110CD9 /* AppDelegate.swift */; };
		EF124D55297202F800110CD9 /* LoginViewController.swift in Sources */ = {isa = PBXBuildFile; fileRef = EF124D54297202F800110CD9 /* LoginViewController.swift */; };
		EF124D5A297202FA00110CD9 /* Assets.xcassets in Resources */ = {isa = PBXBuildFile; fileRef = EF124D59297202FA00110CD9 /* Assets.xcassets */; };
		EF124D5D297202FA00110CD9 /* LaunchScreen.storyboard in Resources */ = {isa = PBXBuildFile; fileRef = EF124D5B297202FA00110CD9 /* LaunchScreen.storyboard */; };
		EF124D6829720B4D00110CD9 /* LoginView.swift in Sources */ = {isa = PBXBuildFile; fileRef = EF124D6729720B4D00110CD9 /* LoginView.swift */; };
		EF27DF1729949834003F0289 /* CurrencyFormatterTests.swift in Sources */ = {isa = PBXBuildFile; fileRef = EF27DF1629949834003F0289 /* CurrencyFormatterTests.swift */; };
		EF434931297B1A62003DD214 /* OnboardingContainerViewController.swift in Sources */ = {isa = PBXBuildFile; fileRef = EF434930297B1A62003DD214 /* OnboardingContainerViewController.swift */; };
		EF434933297D86B0003DD214 /* OnboardingViewController.swift in Sources */ = {isa = PBXBuildFile; fileRef = EF434932297D86B0003DD214 /* OnboardingViewController.swift */; };
		EF664F68299ABC2000E5267F /* NSNotificationName.swift in Sources */ = {isa = PBXBuildFile; fileRef = EF664F67299ABC2000E5267F /* NSNotificationName.swift */; };
		EF6BEEC5299FC68B002F848F /* UiTextField+SecureToggle.swift in Sources */ = {isa = PBXBuildFile; fileRef = EF6BEEC4299FC68B002F848F /* UiTextField+SecureToggle.swift */; };
		EF726D862993248B00196605 /* AccountSummaryCell.swift in Sources */ = {isa = PBXBuildFile; fileRef = EF726D852993248B00196605 /* AccountSummaryCell.swift */; };
		EFC39A472994481E00A2FEBA /* Decimal+Utils.swift in Sources */ = {isa = PBXBuildFile; fileRef = EFC39A462994481E00A2FEBA /* Decimal+Utils.swift */; };
		EFC39A49299448AF00A2FEBA /* CurrencyFormatter.swift in Sources */ = {isa = PBXBuildFile; fileRef = EFC39A48299448AF00A2FEBA /* CurrencyFormatter.swift */; };
		EFD65A0E2982F958001E5DA6 /* UiViewController+Utils.swift in Sources */ = {isa = PBXBuildFile; fileRef = EFD65A0D2982F958001E5DA6 /* UiViewController+Utils.swift */; };
		EFD65A102982FC8B001E5DA6 /* MainViewController.swift in Sources */ = {isa = PBXBuildFile; fileRef = EFD65A0F2982FC8B001E5DA6 /* MainViewController.swift */; };
		EFD695692984364100FB09EE /* AccountSummaryViewController.swift in Sources */ = {isa = PBXBuildFile; fileRef = EFD695682984364100FB09EE /* AccountSummaryViewController.swift */; };
		EFD6956B2984525B00FB09EE /* AccountSummaryHeaderView.swift in Sources */ = {isa = PBXBuildFile; fileRef = EFD6956A2984525B00FB09EE /* AccountSummaryHeaderView.swift */; };
		EFD6956D298452A500FB09EE /* AccountSummaryHeaderView.xib in Resources */ = {isa = PBXBuildFile; fileRef = EFD6956C298452A500FB09EE /* AccountSummaryHeaderView.xib */; };
/* End PBXBuildFile section */

/* Begin PBXContainerItemProxy section */
		EF27DF1129949818003F0289 /* PBXContainerItemProxy */ = {
			isa = PBXContainerItemProxy;
			containerPortal = EF124D45297202F800110CD9 /* Project object */;
			proxyType = 1;
			remoteGlobalIDString = EF124D4C297202F800110CD9;
			remoteInfo = Bankey;
		};
/* End PBXContainerItemProxy section */

/* Begin PBXFileReference section */
		EF0EBED02981AEEB00018F28 /* LocalState.swift */ = {isa = PBXFileReference; lastKnownFileType = sourcecode.swift; path = LocalState.swift; sourceTree = "<group>"; };
		EF124D4D297202F800110CD9 /* Bankey.app */ = {isa = PBXFileReference; explicitFileType = wrapper.application; includeInIndex = 0; path = Bankey.app; sourceTree = BUILT_PRODUCTS_DIR; };
		EF124D50297202F800110CD9 /* AppDelegate.swift */ = {isa = PBXFileReference; lastKnownFileType = sourcecode.swift; path = AppDelegate.swift; sourceTree = "<group>"; };
		EF124D54297202F800110CD9 /* LoginViewController.swift */ = {isa = PBXFileReference; lastKnownFileType = sourcecode.swift; path = LoginViewController.swift; sourceTree = "<group>"; };
		EF124D59297202FA00110CD9 /* Assets.xcassets */ = {isa = PBXFileReference; lastKnownFileType = folder.assetcatalog; path = Assets.xcassets; sourceTree = "<group>"; };
		EF124D5C297202FA00110CD9 /* Base */ = {isa = PBXFileReference; lastKnownFileType = file.storyboard; name = Base; path = Base.lproj/LaunchScreen.storyboard; sourceTree = "<group>"; };
		EF124D5E297202FA00110CD9 /* Info.plist */ = {isa = PBXFileReference; lastKnownFileType = text.plist.xml; path = Info.plist; sourceTree = "<group>"; };
		EF124D6729720B4D00110CD9 /* LoginView.swift */ = {isa = PBXFileReference; lastKnownFileType = sourcecode.swift; path = LoginView.swift; sourceTree = "<group>"; };
		EF27DF0D29949818003F0289 /* BankeyUnitTests.xctest */ = {isa = PBXFileReference; explicitFileType = wrapper.cfbundle; includeInIndex = 0; path = BankeyUnitTests.xctest; sourceTree = BUILT_PRODUCTS_DIR; };
		EF27DF1629949834003F0289 /* CurrencyFormatterTests.swift */ = {isa = PBXFileReference; lastKnownFileType = sourcecode.swift; path = CurrencyFormatterTests.swift; sourceTree = "<group>"; };
		EF434930297B1A62003DD214 /* OnboardingContainerViewController.swift */ = {isa = PBXFileReference; lastKnownFileType = sourcecode.swift; path = OnboardingContainerViewController.swift; sourceTree = "<group>"; };
		EF434932297D86B0003DD214 /* OnboardingViewController.swift */ = {isa = PBXFileReference; lastKnownFileType = sourcecode.swift; path = OnboardingViewController.swift; sourceTree = "<group>"; };
		EF664F67299ABC2000E5267F /* NSNotificationName.swift */ = {isa = PBXFileReference; lastKnownFileType = sourcecode.swift; path = NSNotificationName.swift; sourceTree = "<group>"; };
		EF6BEEC4299FC68B002F848F /* UiTextField+SecureToggle.swift */ = {isa = PBXFileReference; lastKnownFileType = sourcecode.swift; path = "UiTextField+SecureToggle.swift"; sourceTree = "<group>"; };
		EF726D852993248B00196605 /* AccountSummaryCell.swift */ = {isa = PBXFileReference; lastKnownFileType = sourcecode.swift; path = AccountSummaryCell.swift; sourceTree = "<group>"; };
		EFC39A462994481E00A2FEBA /* Decimal+Utils.swift */ = {isa = PBXFileReference; lastKnownFileType = sourcecode.swift; path = "Decimal+Utils.swift"; sourceTree = "<group>"; };
		EFC39A48299448AF00A2FEBA /* CurrencyFormatter.swift */ = {isa = PBXFileReference; lastKnownFileType = sourcecode.swift; path = CurrencyFormatter.swift; sourceTree = "<group>"; };
		EFD65A0D2982F958001E5DA6 /* UiViewController+Utils.swift */ = {isa = PBXFileReference; lastKnownFileType = sourcecode.swift; path = "UiViewController+Utils.swift"; sourceTree = "<group>"; };
		EFD65A0F2982FC8B001E5DA6 /* MainViewController.swift */ = {isa = PBXFileReference; lastKnownFileType = sourcecode.swift; path = MainViewController.swift; sourceTree = "<group>"; };
		EFD695682984364100FB09EE /* AccountSummaryViewController.swift */ = {isa = PBXFileReference; lastKnownFileType = sourcecode.swift; path = AccountSummaryViewController.swift; sourceTree = "<group>"; };
		EFD6956A2984525B00FB09EE /* AccountSummaryHeaderView.swift */ = {isa = PBXFileReference; lastKnownFileType = sourcecode.swift; path = AccountSummaryHeaderView.swift; sourceTree = "<group>"; };
		EFD6956C298452A500FB09EE /* AccountSummaryHeaderView.xib */ = {isa = PBXFileReference; lastKnownFileType = file.xib; path = AccountSummaryHeaderView.xib; sourceTree = "<group>"; };
/* End PBXFileReference section */

/* Begin PBXFrameworksBuildPhase section */
		EF124D4A297202F800110CD9 /* Frameworks */ = {
			isa = PBXFrameworksBuildPhase;
			buildActionMask = 2147483647;
			files = (
			);
			runOnlyForDeploymentPostprocessing = 0;
		};
		EF27DF0A29949818003F0289 /* Frameworks */ = {
			isa = PBXFrameworksBuildPhase;
			buildActionMask = 2147483647;
			files = (
			);
			runOnlyForDeploymentPostprocessing = 0;
		};
/* End PBXFrameworksBuildPhase section */

/* Begin PBXGroup section */
		EF0EBECF2981AEDE00018F28 /* Utils */ = {
			isa = PBXGroup;
			children = (
				EF0EBED02981AEEB00018F28 /* LocalState.swift */,
				EFD65A0D2982F958001E5DA6 /* UiViewController+Utils.swift */,
				EFC39A462994481E00A2FEBA /* Decimal+Utils.swift */,
				EFC39A48299448AF00A2FEBA /* CurrencyFormatter.swift */,
				EF664F67299ABC2000E5267F /* NSNotificationName.swift */,
				EF6BEEC4299FC68B002F848F /* UiTextField+SecureToggle.swift */,
			);
			path = Utils;
			sourceTree = "<group>";
		};
		EF124D44297202F800110CD9 = {
			isa = PBXGroup;
			children = (
				EF124D4F297202F800110CD9 /* Bankey */,
				EF27DF0E29949818003F0289 /* BankeyUnitTests */,
				EF124D4E297202F800110CD9 /* Products */,
			);
			sourceTree = "<group>";
		};
		EF124D4E297202F800110CD9 /* Products */ = {
			isa = PBXGroup;
			children = (
				EF124D4D297202F800110CD9 /* Bankey.app */,
				EF27DF0D29949818003F0289 /* BankeyUnitTests.xctest */,
			);
			name = Products;
			sourceTree = "<group>";
		};
		EF124D4F297202F800110CD9 /* Bankey */ = {
			isa = PBXGroup;
			children = (
				EFD65A0F2982FC8B001E5DA6 /* MainViewController.swift */,
				EF124D50297202F800110CD9 /* AppDelegate.swift */,
				EF124D6629720B1000110CD9 /* Login */,
				EF43492F297B1A27003DD214 /* Onboarding */,
				EFD695672984359800FB09EE /* AccountSummary */,
				EF0EBECF2981AEDE00018F28 /* Utils */,
				EF124D6529720A2C00110CD9 /* Files */,
			);
			path = Bankey;
			sourceTree = "<group>";
		};
		EF124D6529720A2C00110CD9 /* Files */ = {
			isa = PBXGroup;
			children = (
				EF124D59297202FA00110CD9 /* Assets.xcassets */,
				EF124D5B297202FA00110CD9 /* LaunchScreen.storyboard */,
				EF124D5E297202FA00110CD9 /* Info.plist */,
			);
			name = Files;
			sourceTree = "<group>";
		};
		EF124D6629720B1000110CD9 /* Login */ = {
			isa = PBXGroup;
			children = (
				EF124D54297202F800110CD9 /* LoginViewController.swift */,
				EF124D6729720B4D00110CD9 /* LoginView.swift */,
			);
			path = Login;
			sourceTree = "<group>";
		};
		EF27DF0E29949818003F0289 /* BankeyUnitTests */ = {
			isa = PBXGroup;
			children = (
				EF27DF1629949834003F0289 /* CurrencyFormatterTests.swift */,
			);
			path = BankeyUnitTests;
			sourceTree = "<group>";
		};
		EF43492F297B1A27003DD214 /* Onboarding */ = {
			isa = PBXGroup;
			children = (
				EF434930297B1A62003DD214 /* OnboardingContainerViewController.swift */,
				EF434932297D86B0003DD214 /* OnboardingViewController.swift */,
			);
			path = Onboarding;
			sourceTree = "<group>";
		};
		EF726D832993243600196605 /* Header */ = {
			isa = PBXGroup;
			children = (
				EFD6956A2984525B00FB09EE /* AccountSummaryHeaderView.swift */,
				EFD6956C298452A500FB09EE /* AccountSummaryHeaderView.xib */,
			);
			path = Header;
			sourceTree = "<group>";
		};
		EF726D842993245D00196605 /* Cells */ = {
			isa = PBXGroup;
			children = (
				EF726D852993248B00196605 /* AccountSummaryCell.swift */,
			);
			path = Cells;
			sourceTree = "<group>";
		};
		EFD695672984359800FB09EE /* AccountSummary */ = {
			isa = PBXGroup;
			children = (
				EFD695682984364100FB09EE /* AccountSummaryViewController.swift */,
				EF726D832993243600196605 /* Header */,
				EF726D842993245D00196605 /* Cells */,
			);
			path = AccountSummary;
			sourceTree = "<group>";
		};
/* End PBXGroup section */

/* Begin PBXNativeTarget section */
		EF124D4C297202F800110CD9 /* Bankey */ = {
			isa = PBXNativeTarget;
			buildConfigurationList = EF124D61297202FA00110CD9 /* Build configuration list for PBXNativeTarget "Bankey" */;
			buildPhases = (
				EF124D49297202F800110CD9 /* Sources */,
				EF124D4A297202F800110CD9 /* Frameworks */,
				EF124D4B297202F800110CD9 /* Resources */,
			);
			buildRules = (
			);
			dependencies = (
			);
			name = Bankey;
			productName = Bankey;
			productReference = EF124D4D297202F800110CD9 /* Bankey.app */;
			productType = "com.apple.product-type.application";
		};
		EF27DF0C29949818003F0289 /* BankeyUnitTests */ = {
			isa = PBXNativeTarget;
			buildConfigurationList = EF27DF1329949818003F0289 /* Build configuration list for PBXNativeTarget "BankeyUnitTests" */;
			buildPhases = (
				EF27DF0929949818003F0289 /* Sources */,
				EF27DF0A29949818003F0289 /* Frameworks */,
				EF27DF0B29949818003F0289 /* Resources */,
			);
			buildRules = (
			);
			dependencies = (
				EF27DF1229949818003F0289 /* PBXTargetDependency */,
			);
			name = BankeyUnitTests;
			productName = BankeyUnitTests;
			productReference = EF27DF0D29949818003F0289 /* BankeyUnitTests.xctest */;
			productType = "com.apple.product-type.bundle.unit-test";
		};
/* End PBXNativeTarget section */

/* Begin PBXProject section */
		EF124D45297202F800110CD9 /* Project object */ = {
			isa = PBXProject;
			attributes = {
				BuildIndependentTargetsInParallel = 1;
				LastSwiftUpdateCheck = 1340;
				LastUpgradeCheck = 1340;
				TargetAttributes = {
					EF124D4C297202F800110CD9 = {
						CreatedOnToolsVersion = 13.4.1;
					};
					EF27DF0C29949818003F0289 = {
						CreatedOnToolsVersion = 13.4.1;
						LastSwiftMigration = 1340;
						TestTargetID = EF124D4C297202F800110CD9;
					};
				};
			};
			buildConfigurationList = EF124D48297202F800110CD9 /* Build configuration list for PBXProject "Bankey" */;
			compatibilityVersion = "Xcode 13.0";
			developmentRegion = en;
			hasScannedForEncodings = 0;
			knownRegions = (
				en,
				Base,
			);
			mainGroup = EF124D44297202F800110CD9;
			productRefGroup = EF124D4E297202F800110CD9 /* Products */;
			projectDirPath = "";
			projectRoot = "";
			targets = (
				EF124D4C297202F800110CD9 /* Bankey */,
				EF27DF0C29949818003F0289 /* BankeyUnitTests */,
			);
		};
/* End PBXProject section */

/* Begin PBXResourcesBuildPhase section */
		EF124D4B297202F800110CD9 /* Resources */ = {
			isa = PBXResourcesBuildPhase;
			buildActionMask = 2147483647;
			files = (
				EFD6956D298452A500FB09EE /* AccountSummaryHeaderView.xib in Resources */,
				EF124D5D297202FA00110CD9 /* LaunchScreen.storyboard in Resources */,
				EF124D5A297202FA00110CD9 /* Assets.xcassets in Resources */,
			);
			runOnlyForDeploymentPostprocessing = 0;
		};
		EF27DF0B29949818003F0289 /* Resources */ = {
			isa = PBXResourcesBuildPhase;
			buildActionMask = 2147483647;
			files = (
			);
			runOnlyForDeploymentPostprocessing = 0;
		};
/* End PBXResourcesBuildPhase section */

/* Begin PBXSourcesBuildPhase section */
		EF124D49297202F800110CD9 /* Sources */ = {
			isa = PBXSourcesBuildPhase;
			buildActionMask = 2147483647;
			files = (
				EFD65A0E2982F958001E5DA6 /* UiViewController+Utils.swift in Sources */,
				EF124D6829720B4D00110CD9 /* LoginView.swift in Sources */,
				EF0EBED12981AEEB00018F28 /* LocalState.swift in Sources */,
				EFD6956B2984525B00FB09EE /* AccountSummaryHeaderView.swift in Sources */,
				EFC39A49299448AF00A2FEBA /* CurrencyFormatter.swift in Sources */,
				EFC39A472994481E00A2FEBA /* Decimal+Utils.swift in Sources */,
				EF664F68299ABC2000E5267F /* NSNotificationName.swift in Sources */,
				EF124D55297202F800110CD9 /* LoginViewController.swift in Sources */,
				EF726D862993248B00196605 /* AccountSummaryCell.swift in Sources */,
				EF434933297D86B0003DD214 /* OnboardingViewController.swift in Sources */,
				EFD65A102982FC8B001E5DA6 /* MainViewController.swift in Sources */,
				EFD695692984364100FB09EE /* AccountSummaryViewController.swift in Sources */,
				EF124D51297202F800110CD9 /* AppDelegate.swift in Sources */,
				EF6BEEC5299FC68B002F848F /* UiTextField+SecureToggle.swift in Sources */,
				EF434931297B1A62003DD214 /* OnboardingContainerViewController.swift in Sources */,
			);
			runOnlyForDeploymentPostprocessing = 0;
		};
		EF27DF0929949818003F0289 /* Sources */ = {
			isa = PBXSourcesBuildPhase;
			buildActionMask = 2147483647;
			files = (
				EF27DF1729949834003F0289 /* CurrencyFormatterTests.swift in Sources */,
			);
			runOnlyForDeploymentPostprocessing = 0;
		};
/* End PBXSourcesBuildPhase section */

/* Begin PBXTargetDependency section */
		EF27DF1229949818003F0289 /* PBXTargetDependency */ = {
			isa = PBXTargetDependency;
			target = EF124D4C297202F800110CD9 /* Bankey */;
			targetProxy = EF27DF1129949818003F0289 /* PBXContainerItemProxy */;
		};
/* End PBXTargetDependency section */

/* Begin PBXVariantGroup section */
		EF124D5B297202FA00110CD9 /* LaunchScreen.storyboard */ = {
			isa = PBXVariantGroup;
			children = (
				EF124D5C297202FA00110CD9 /* Base */,
			);
			name = LaunchScreen.storyboard;
			sourceTree = "<group>";
		};
/* End PBXVariantGroup section */

/* Begin XCBuildConfiguration section */
		EF124D5F297202FA00110CD9 /* Debug */ = {
			isa = XCBuildConfiguration;
			buildSettings = {
				ALWAYS_SEARCH_USER_PATHS = NO;
				CLANG_ANALYZER_NONNULL = YES;
				CLANG_ANALYZER_NUMBER_OBJECT_CONVERSION = YES_AGGRESSIVE;
				CLANG_CXX_LANGUAGE_STANDARD = "gnu++17";
				CLANG_ENABLE_MODULES = YES;
				CLANG_ENABLE_OBJC_ARC = YES;
				CLANG_ENABLE_OBJC_WEAK = YES;
				CLANG_WARN_BLOCK_CAPTURE_AUTORELEASING = YES;
				CLANG_WARN_BOOL_CONVERSION = YES;
				CLANG_WARN_COMMA = YES;
				CLANG_WARN_CONSTANT_CONVERSION = YES;
				CLANG_WARN_DEPRECATED_OBJC_IMPLEMENTATIONS = YES;
				CLANG_WARN_DIRECT_OBJC_ISA_USAGE = YES_ERROR;
				CLANG_WARN_DOCUMENTATION_COMMENTS = YES;
				CLANG_WARN_EMPTY_BODY = YES;
				CLANG_WARN_ENUM_CONVERSION = YES;
				CLANG_WARN_INFINITE_RECURSION = YES;
				CLANG_WARN_INT_CONVERSION = YES;
				CLANG_WARN_NON_LITERAL_NULL_CONVERSION = YES;
				CLANG_WARN_OBJC_IMPLICIT_RETAIN_SELF = YES;
				CLANG_WARN_OBJC_LITERAL_CONVERSION = YES;
				CLANG_WARN_OBJC_ROOT_CLASS = YES_ERROR;
				CLANG_WARN_QUOTED_INCLUDE_IN_FRAMEWORK_HEADER = YES;
				CLANG_WARN_RANGE_LOOP_ANALYSIS = YES;
				CLANG_WARN_STRICT_PROTOTYPES = YES;
				CLANG_WARN_SUSPICIOUS_MOVE = YES;
				CLANG_WARN_UNGUARDED_AVAILABILITY = YES_AGGRESSIVE;
				CLANG_WARN_UNREACHABLE_CODE = YES;
				CLANG_WARN__DUPLICATE_METHOD_MATCH = YES;
				COPY_PHASE_STRIP = NO;
				DEBUG_INFORMATION_FORMAT = dwarf;
				ENABLE_STRICT_OBJC_MSGSEND = YES;
				ENABLE_TESTABILITY = YES;
				GCC_C_LANGUAGE_STANDARD = gnu11;
				GCC_DYNAMIC_NO_PIC = NO;
				GCC_NO_COMMON_BLOCKS = YES;
				GCC_OPTIMIZATION_LEVEL = 0;
				GCC_PREPROCESSOR_DEFINITIONS = (
					"DEBUG=1",
					"$(inherited)",
				);
				GCC_WARN_64_TO_32_BIT_CONVERSION = YES;
				GCC_WARN_ABOUT_RETURN_TYPE = YES_ERROR;
				GCC_WARN_UNDECLARED_SELECTOR = YES;
				GCC_WARN_UNINITIALIZED_AUTOS = YES_AGGRESSIVE;
				GCC_WARN_UNUSED_FUNCTION = YES;
				GCC_WARN_UNUSED_VARIABLE = YES;
				IPHONEOS_DEPLOYMENT_TARGET = 15.5;
				MTL_ENABLE_DEBUG_INFO = INCLUDE_SOURCE;
				MTL_FAST_MATH = YES;
				ONLY_ACTIVE_ARCH = YES;
				SDKROOT = iphoneos;
				SWIFT_ACTIVE_COMPILATION_CONDITIONS = DEBUG;
				SWIFT_OPTIMIZATION_LEVEL = "-Onone";
			};
			name = Debug;
		};
		EF124D60297202FA00110CD9 /* Release */ = {
			isa = XCBuildConfiguration;
			buildSettings = {
				ALWAYS_SEARCH_USER_PATHS = NO;
				CLANG_ANALYZER_NONNULL = YES;
				CLANG_ANALYZER_NUMBER_OBJECT_CONVERSION = YES_AGGRESSIVE;
				CLANG_CXX_LANGUAGE_STANDARD = "gnu++17";
				CLANG_ENABLE_MODULES = YES;
				CLANG_ENABLE_OBJC_ARC = YES;
				CLANG_ENABLE_OBJC_WEAK = YES;
				CLANG_WARN_BLOCK_CAPTURE_AUTORELEASING = YES;
				CLANG_WARN_BOOL_CONVERSION = YES;
				CLANG_WARN_COMMA = YES;
				CLANG_WARN_CONSTANT_CONVERSION = YES;
				CLANG_WARN_DEPRECATED_OBJC_IMPLEMENTATIONS = YES;
				CLANG_WARN_DIRECT_OBJC_ISA_USAGE = YES_ERROR;
				CLANG_WARN_DOCUMENTATION_COMMENTS = YES;
				CLANG_WARN_EMPTY_BODY = YES;
				CLANG_WARN_ENUM_CONVERSION = YES;
				CLANG_WARN_INFINITE_RECURSION = YES;
				CLANG_WARN_INT_CONVERSION = YES;
				CLANG_WARN_NON_LITERAL_NULL_CONVERSION = YES;
				CLANG_WARN_OBJC_IMPLICIT_RETAIN_SELF = YES;
				CLANG_WARN_OBJC_LITERAL_CONVERSION = YES;
				CLANG_WARN_OBJC_ROOT_CLASS = YES_ERROR;
				CLANG_WARN_QUOTED_INCLUDE_IN_FRAMEWORK_HEADER = YES;
				CLANG_WARN_RANGE_LOOP_ANALYSIS = YES;
				CLANG_WARN_STRICT_PROTOTYPES = YES;
				CLANG_WARN_SUSPICIOUS_MOVE = YES;
				CLANG_WARN_UNGUARDED_AVAILABILITY = YES_AGGRESSIVE;
				CLANG_WARN_UNREACHABLE_CODE = YES;
				CLANG_WARN__DUPLICATE_METHOD_MATCH = YES;
				COPY_PHASE_STRIP = NO;
				DEBUG_INFORMATION_FORMAT = "dwarf-with-dsym";
				ENABLE_NS_ASSERTIONS = NO;
				ENABLE_STRICT_OBJC_MSGSEND = YES;
				GCC_C_LANGUAGE_STANDARD = gnu11;
				GCC_NO_COMMON_BLOCKS = YES;
				GCC_WARN_64_TO_32_BIT_CONVERSION = YES;
				GCC_WARN_ABOUT_RETURN_TYPE = YES_ERROR;
				GCC_WARN_UNDECLARED_SELECTOR = YES;
				GCC_WARN_UNINITIALIZED_AUTOS = YES_AGGRESSIVE;
				GCC_WARN_UNUSED_FUNCTION = YES;
				GCC_WARN_UNUSED_VARIABLE = YES;
				IPHONEOS_DEPLOYMENT_TARGET = 15.5;
				MTL_ENABLE_DEBUG_INFO = NO;
				MTL_FAST_MATH = YES;
				SDKROOT = iphoneos;
				SWIFT_COMPILATION_MODE = wholemodule;
				SWIFT_OPTIMIZATION_LEVEL = "-O";
				VALIDATE_PRODUCT = YES;
			};
			name = Release;
		};
		EF124D62297202FA00110CD9 /* Debug */ = {
			isa = XCBuildConfiguration;
			buildSettings = {
				ASSETCATALOG_COMPILER_APPICON_NAME = AppIcon;
				ASSETCATALOG_COMPILER_GLOBAL_ACCENT_COLOR_NAME = AccentColor;
				CODE_SIGN_STYLE = Automatic;
				CURRENT_PROJECT_VERSION = 1;
				DEVELOPMENT_TEAM = Y22Z44SKH8;
				GENERATE_INFOPLIST_FILE = YES;
				INFOPLIST_FILE = Bankey/Info.plist;
				INFOPLIST_KEY_UIApplicationSupportsIndirectInputEvents = YES;
				INFOPLIST_KEY_UILaunchStoryboardName = LaunchScreen;
				INFOPLIST_KEY_UISupportedInterfaceOrientations_iPad = "UIInterfaceOrientationPortrait UIInterfaceOrientationPortraitUpsideDown UIInterfaceOrientationLandscapeLeft UIInterfaceOrientationLandscapeRight";
				INFOPLIST_KEY_UISupportedInterfaceOrientations_iPhone = "UIInterfaceOrientationPortrait UIInterfaceOrientationLandscapeLeft UIInterfaceOrientationLandscapeRight";
				LD_RUNPATH_SEARCH_PATHS = (
					"$(inherited)",
					"@executable_path/Frameworks",
				);
				MARKETING_VERSION = 1.0;
				PRODUCT_BUNDLE_IDENTIFIER = iOS.Bankey;
				PRODUCT_NAME = "$(TARGET_NAME)";
				SWIFT_EMIT_LOC_STRINGS = YES;
				SWIFT_VERSION = 5.0;
				TARGETED_DEVICE_FAMILY = "1,2";
			};
			name = Debug;
		};
		EF124D63297202FA00110CD9 /* Release */ = {
			isa = XCBuildConfiguration;
			buildSettings = {
				ASSETCATALOG_COMPILER_APPICON_NAME = AppIcon;
				ASSETCATALOG_COMPILER_GLOBAL_ACCENT_COLOR_NAME = AccentColor;
				CODE_SIGN_STYLE = Automatic;
				CURRENT_PROJECT_VERSION = 1;
				DEVELOPMENT_TEAM = Y22Z44SKH8;
				GENERATE_INFOPLIST_FILE = YES;
				INFOPLIST_FILE = Bankey/Info.plist;
				INFOPLIST_KEY_UIApplicationSupportsIndirectInputEvents = YES;
				INFOPLIST_KEY_UILaunchStoryboardName = LaunchScreen;
				INFOPLIST_KEY_UISupportedInterfaceOrientations_iPad = "UIInterfaceOrientationPortrait UIInterfaceOrientationPortraitUpsideDown UIInterfaceOrientationLandscapeLeft UIInterfaceOrientationLandscapeRight";
				INFOPLIST_KEY_UISupportedInterfaceOrientations_iPhone = "UIInterfaceOrientationPortrait UIInterfaceOrientationLandscapeLeft UIInterfaceOrientationLandscapeRight";
				LD_RUNPATH_SEARCH_PATHS = (
					"$(inherited)",
					"@executable_path/Frameworks",
				);
				MARKETING_VERSION = 1.0;
				PRODUCT_BUNDLE_IDENTIFIER = iOS.Bankey;
				PRODUCT_NAME = "$(TARGET_NAME)";
				SWIFT_EMIT_LOC_STRINGS = YES;
				SWIFT_VERSION = 5.0;
				TARGETED_DEVICE_FAMILY = "1,2";
			};
			name = Release;
		};
		EF27DF1429949818003F0289 /* Debug */ = {
			isa = XCBuildConfiguration;
			buildSettings = {
				BUNDLE_LOADER = "$(TEST_HOST)";
				CLANG_ENABLE_MODULES = YES;
				CODE_SIGN_STYLE = Automatic;
				CURRENT_PROJECT_VERSION = 1;
				DEVELOPMENT_TEAM = Y22Z44SKH8;
				GENERATE_INFOPLIST_FILE = YES;
				LD_RUNPATH_SEARCH_PATHS = (
					"$(inherited)",
					"@executable_path/Frameworks",
					"@loader_path/Frameworks",
				);
				MARKETING_VERSION = 1.0;
				PRODUCT_BUNDLE_IDENTIFIER = iOS.BankeyUnitTests;
				PRODUCT_NAME = "$(TARGET_NAME)";
				SWIFT_EMIT_LOC_STRINGS = NO;
				SWIFT_OPTIMIZATION_LEVEL = "-Onone";
				SWIFT_VERSION = 5.0;
				TARGETED_DEVICE_FAMILY = "1,2";
				TEST_HOST = "$(BUILT_PRODUCTS_DIR)/Bankey.app/Bankey";
			};
			name = Debug;
		};
		EF27DF1529949818003F0289 /* Release */ = {
			isa = XCBuildConfiguration;
			buildSettings = {
				BUNDLE_LOADER = "$(TEST_HOST)";
				CLANG_ENABLE_MODULES = YES;
				CODE_SIGN_STYLE = Automatic;
				CURRENT_PROJECT_VERSION = 1;
				DEVELOPMENT_TEAM = Y22Z44SKH8;
				GENERATE_INFOPLIST_FILE = YES;
				LD_RUNPATH_SEARCH_PATHS = (
					"$(inherited)",
					"@executable_path/Frameworks",
					"@loader_path/Frameworks",
				);
				MARKETING_VERSION = 1.0;
				PRODUCT_BUNDLE_IDENTIFIER = iOS.BankeyUnitTests;
				PRODUCT_NAME = "$(TARGET_NAME)";
				SWIFT_EMIT_LOC_STRINGS = NO;
				SWIFT_VERSION = 5.0;
				TARGETED_DEVICE_FAMILY = "1,2";
				TEST_HOST = "$(BUILT_PRODUCTS_DIR)/Bankey.app/Bankey";
			};
			name = Release;
		};
/* End XCBuildConfiguration section */

/* Begin XCConfigurationList section */
		EF124D48297202F800110CD9 /* Build configuration list for PBXProject "Bankey" */ = {
			isa = XCConfigurationList;
			buildConfigurations = (
				EF124D5F297202FA00110CD9 /* Debug */,
				EF124D60297202FA00110CD9 /* Release */,
			);
			defaultConfigurationIsVisible = 0;
			defaultConfigurationName = Release;
		};
		EF124D61297202FA00110CD9 /* Build configuration list for PBXNativeTarget "Bankey" */ = {
			isa = XCConfigurationList;
			buildConfigurations = (
				EF124D62297202FA00110CD9 /* Debug */,
				EF124D63297202FA00110CD9 /* Release */,
			);
			defaultConfigurationIsVisible = 0;
			defaultConfigurationName = Release;
		};
		EF27DF1329949818003F0289 /* Build configuration list for PBXNativeTarget "BankeyUnitTests" */ = {
			isa = XCConfigurationList;
			buildConfigurations = (
				EF27DF1429949818003F0289 /* Debug */,
				EF27DF1529949818003F0289 /* Release */,
			);
			defaultConfigurationIsVisible = 0;
			defaultConfigurationName = Release;
		};
/* End XCConfigurationList section */
	};
	rootObject = EF124D45297202F800110CD9 /* Project object */;
}
